
Microsoft Visual Studio Solution File, Format Version 12.00
Project("{2150E333-8FDC-42A3-9474-1A3956D46DE8}") = "Core", "Core", "{75758B27-5167-4EB1-8048-F7CD5EBAEC09}"
EndProject
Project("{FAE04EC0-301F-11D3-BF4B-00C04F79EFBC}") = "Vault.Core", "Core\Vault.Core\Vault.Core.csproj", "{42667A04-3002-43F1-95A8-09C4CA6A2264}"
EndProject
Project("{FAE04EC0-301F-11D3-BF4B-00C04F79EFBC}") = "Vault.Security", "Core\Vault.Security\Vault.Security.csproj", "{EF51071C-2109-4A70-8BFD-4861EA93911C}"
EndProject
Project("{2150E333-8FDC-42A3-9474-1A3956D46DE8}") = "Desktop", "Desktop", "{D8261209-E197-4057-B65E-CA632FD7074C}"
EndProject
Global
	GlobalSection(SolutionConfigurationPlatforms) = preSolution
		Debug|Any CPU = Debug|Any CPU
		Release|Any CPU = Release|Any CPU
	EndGlobalSection
	GlobalSection(NestedProjects) = preSolution
		{42667A04-3002-43F1-95A8-09C4CA6A2264} = {75758B27-5167-4EB1-8048-F7CD5EBAEC09}
		{EF51071C-2109-4A70-8BFD-4861EA93911C} = {75758B27-5167-4EB1-8048-F7CD5EBAEC09}
	EndGlobalSection
	GlobalSection(ProjectConfigurationPlatforms) = postSolution
		{42667A04-3002-43F1-95A8-09C4CA6A2264}.Debug|Any CPU.ActiveCfg = Debug|Any CPU
		{42667A04-3002-43F1-95A8-09C4CA6A2264}.Debug|Any CPU.Build.0 = Debug|Any CPU
		{42667A04-3002-43F1-95A8-09C4CA6A2264}.Release|Any CPU.ActiveCfg = Release|Any CPU
		{42667A04-3002-43F1-95A8-09C4CA6A2264}.Release|Any CPU.Build.0 = Release|Any CPU
		{EF51071C-2109-4A70-8BFD-4861EA93911C}.Debug|Any CPU.ActiveCfg = Debug|Any CPU
		{EF51071C-2109-4A70-8BFD-4861EA93911C}.Debug|Any CPU.Build.0 = Debug|Any CPU
		{EF51071C-2109-4A70-8BFD-4861EA93911C}.Release|Any CPU.ActiveCfg = Release|Any CPU
		{EF51071C-2109-4A70-8BFD-4861EA93911C}.Release|Any CPU.Build.0 = Release|Any CPU
	EndGlobalSection
EndGlobal
